
Microsoft Visual Studio Solution File, Format Version 12.00
# Visual Studio Version 17
VisualStudioVersion = 17.8.34408.163
MinimumVisualStudioVersion = 10.0.40219.1
Project("{9A19103F-16F7-4668-BE54-9A1E7A4F7556}") = "Solitons.Core", "src\Solitons.Core\Solitons.Core.csproj", "{5D3C3E17-C944-417F-BCE0-D64D4DD739B2}"
EndProject
Project("{2150E333-8FDC-42A3-9474-1A3956D46DE8}") = "test", "test", "{3A6FE3BF-C00B-444A-BF2D-A168485AC092}"
EndProject
Project("{9A19103F-16F7-4668-BE54-9A1E7A4F7556}") = "Solitons.Core.XUnitTest", "test\Solitons.Core.XUnitTest\Solitons.Core.XUnitTest.csproj", "{A35C9134-E336-4EAC-82CB-4D81EEFB1412}"
EndProject
Project("{FAE04EC0-301F-11D3-BF4B-00C04F79EFBC}") = "Solitons.Postgres", "src\Solitons.Postgres\Solitons.Postgres.csproj", "{BC8C1FD8-068F-4E14-BD6A-FC70028A67A5}"
EndProject
Global
	GlobalSection(SolutionConfigurationPlatforms) = preSolution
		Debug|Any CPU = Debug|Any CPU
		Release|Any CPU = Release|Any CPU
	EndGlobalSection
	GlobalSection(ProjectConfigurationPlatforms) = postSolution
		{5D3C3E17-C944-417F-BCE0-D64D4DD739B2}.Debug|Any CPU.ActiveCfg = Debug|Any CPU
		{5D3C3E17-C944-417F-BCE0-D64D4DD739B2}.Debug|Any CPU.Build.0 = Debug|Any CPU
		{5D3C3E17-C944-417F-BCE0-D64D4DD739B2}.Release|Any CPU.ActiveCfg = Release|Any CPU
		{5D3C3E17-C944-417F-BCE0-D64D4DD739B2}.Release|Any CPU.Build.0 = Release|Any CPU
		{A35C9134-E336-4EAC-82CB-4D81EEFB1412}.Debug|Any CPU.ActiveCfg = Debug|Any CPU
		{A35C9134-E336-4EAC-82CB-4D81EEFB1412}.Debug|Any CPU.Build.0 = Debug|Any CPU
		{A35C9134-E336-4EAC-82CB-4D81EEFB1412}.Release|Any CPU.ActiveCfg = Release|Any CPU
		{A35C9134-E336-4EAC-82CB-4D81EEFB1412}.Release|Any CPU.Build.0 = Release|Any CPU
		{BC8C1FD8-068F-4E14-BD6A-FC70028A67A5}.Debug|Any CPU.ActiveCfg = Debug|Any CPU
		{BC8C1FD8-068F-4E14-BD6A-FC70028A67A5}.Debug|Any CPU.Build.0 = Debug|Any CPU
		{BC8C1FD8-068F-4E14-BD6A-FC70028A67A5}.Release|Any CPU.ActiveCfg = Release|Any CPU
		{BC8C1FD8-068F-4E14-BD6A-FC70028A67A5}.Release|Any CPU.Build.0 = Release|Any CPU
	EndGlobalSection
	GlobalSection(SolutionProperties) = preSolution
		HideSolutionNode = FALSE
	EndGlobalSection
	GlobalSection(NestedProjects) = preSolution
		{A35C9134-E336-4EAC-82CB-4D81EEFB1412} = {3A6FE3BF-C00B-444A-BF2D-A168485AC092}
	EndGlobalSection
	GlobalSection(ExtensibilityGlobals) = postSolution
		SolutionGuid = {81797626-BC18-47F8-843A-040AB8F23657}
	EndGlobalSection
EndGlobal
