
Microsoft Visual Studio Solution File, Format Version 12.00
# Visual Studio Version 17
VisualStudioVersion = 17.8.34408.163
MinimumVisualStudioVersion = 10.0.40219.1
Project("{9A19103F-16F7-4668-BE54-9A1E7A4F7556}") = "Solitons.Core", "src\Solitons.Core\Solitons.Core.csproj", "{5D3C3E17-C944-417F-BCE0-D64D4DD739B2}"
EndProject
Project("{2150E333-8FDC-42A3-9474-1A3956D46DE8}") = "test", "test", "{3A6FE3BF-C00B-444A-BF2D-A168485AC092}"
EndProject
Project("{9A19103F-16F7-4668-BE54-9A1E7A4F7556}") = "Solitons.Core.XUnitTest", "test\Solitons.Core.XUnitTest\Solitons.Core.XUnitTest.csproj", "{A35C9134-E336-4EAC-82CB-4D81EEFB1412}"
EndProject
Project("{9A19103F-16F7-4668-BE54-9A1E7A4F7556}") = "Solitons.Postgres.PgUp", "src\Solitons.Postgres.PgUp\Solitons.Postgres.PgUp.csproj", "{9467C547-AD05-4615-9A9D-AC0D5F46D117}"
EndProject
Project("{9A19103F-16F7-4668-BE54-9A1E7A4F7556}") = "Solitons.Postgres", "src\Solitons.Postgres\Solitons.Postgres.csproj", "{7B2DFAF8-D6EB-4624-8131-45934A5BC6DE}"
EndProject
Project("{9A19103F-16F7-4668-BE54-9A1E7A4F7556}") = "Solitons.Postgres.PgUp.IntegrationTest", "test\Solitons.Postgres.PgUp.IntegrationTest\Solitons.Postgres.PgUp.IntegrationTest.csproj", "{24591DDC-8945-4E94-99FD-0468689A8ED9}"
EndProject
Project("{9A19103F-16F7-4668-BE54-9A1E7A4F7556}") = "Solitons.Azure", "src\Solitons.Azure\Solitons.Azure.csproj", "{B9AAFA50-050D-4B83-8F37-68A66475106D}"
EndProject
Project("{FAE04EC0-301F-11D3-BF4B-00C04F79EFBC}") = "Solitons.Postgres.PgUp.XUnitTest", "test\Solitons.Postgres.PgUp.XUnitTest\Solitons.Postgres.PgUp.XUnitTest.csproj", "{FB97BB31-2D89-4B13-A853-F950C45A50F8}"
EndProject
Project("{FAE04EC0-301F-11D3-BF4B-00C04F79EFBC}") = "ConsoleApp1", "src\ConsoleApp1\ConsoleApp1.csproj", "{72021665-8300-4600-B3C7-EA9980C00644}"
EndProject
Global
	GlobalSection(SolutionConfigurationPlatforms) = preSolution
		Debug|Any CPU = Debug|Any CPU
		Release|Any CPU = Release|Any CPU
	EndGlobalSection
	GlobalSection(ProjectConfigurationPlatforms) = postSolution
		{5D3C3E17-C944-417F-BCE0-D64D4DD739B2}.Debug|Any CPU.ActiveCfg = Debug|Any CPU
		{5D3C3E17-C944-417F-BCE0-D64D4DD739B2}.Debug|Any CPU.Build.0 = Debug|Any CPU
		{5D3C3E17-C944-417F-BCE0-D64D4DD739B2}.Release|Any CPU.ActiveCfg = Release|Any CPU
		{5D3C3E17-C944-417F-BCE0-D64D4DD739B2}.Release|Any CPU.Build.0 = Release|Any CPU
		{A35C9134-E336-4EAC-82CB-4D81EEFB1412}.Debug|Any CPU.ActiveCfg = Debug|Any CPU
		{A35C9134-E336-4EAC-82CB-4D81EEFB1412}.Debug|Any CPU.Build.0 = Debug|Any CPU
		{A35C9134-E336-4EAC-82CB-4D81EEFB1412}.Release|Any CPU.ActiveCfg = Release|Any CPU
		{A35C9134-E336-4EAC-82CB-4D81EEFB1412}.Release|Any CPU.Build.0 = Release|Any CPU
		{9467C547-AD05-4615-9A9D-AC0D5F46D117}.Debug|Any CPU.ActiveCfg = Debug|Any CPU
		{9467C547-AD05-4615-9A9D-AC0D5F46D117}.Debug|Any CPU.Build.0 = Debug|Any CPU
		{9467C547-AD05-4615-9A9D-AC0D5F46D117}.Release|Any CPU.ActiveCfg = Release|Any CPU
		{9467C547-AD05-4615-9A9D-AC0D5F46D117}.Release|Any CPU.Build.0 = Release|Any CPU
		{7B2DFAF8-D6EB-4624-8131-45934A5BC6DE}.Debug|Any CPU.ActiveCfg = Debug|Any CPU
		{7B2DFAF8-D6EB-4624-8131-45934A5BC6DE}.Debug|Any CPU.Build.0 = Debug|Any CPU
		{7B2DFAF8-D6EB-4624-8131-45934A5BC6DE}.Release|Any CPU.ActiveCfg = Release|Any CPU
		{7B2DFAF8-D6EB-4624-8131-45934A5BC6DE}.Release|Any CPU.Build.0 = Release|Any CPU
		{24591DDC-8945-4E94-99FD-0468689A8ED9}.Debug|Any CPU.ActiveCfg = Debug|Any CPU
		{24591DDC-8945-4E94-99FD-0468689A8ED9}.Debug|Any CPU.Build.0 = Debug|Any CPU
		{24591DDC-8945-4E94-99FD-0468689A8ED9}.Release|Any CPU.ActiveCfg = Release|Any CPU
		{24591DDC-8945-4E94-99FD-0468689A8ED9}.Release|Any CPU.Build.0 = Release|Any CPU
		{B9AAFA50-050D-4B83-8F37-68A66475106D}.Debug|Any CPU.ActiveCfg = Debug|Any CPU
		{B9AAFA50-050D-4B83-8F37-68A66475106D}.Debug|Any CPU.Build.0 = Debug|Any CPU
		{B9AAFA50-050D-4B83-8F37-68A66475106D}.Release|Any CPU.ActiveCfg = Release|Any CPU
		{B9AAFA50-050D-4B83-8F37-68A66475106D}.Release|Any CPU.Build.0 = Release|Any CPU
		{FB97BB31-2D89-4B13-A853-F950C45A50F8}.Debug|Any CPU.ActiveCfg = Debug|Any CPU
		{FB97BB31-2D89-4B13-A853-F950C45A50F8}.Debug|Any CPU.Build.0 = Debug|Any CPU
		{FB97BB31-2D89-4B13-A853-F950C45A50F8}.Release|Any CPU.ActiveCfg = Release|Any CPU
		{FB97BB31-2D89-4B13-A853-F950C45A50F8}.Release|Any CPU.Build.0 = Release|Any CPU
		{72021665-8300-4600-B3C7-EA9980C00644}.Debug|Any CPU.ActiveCfg = Debug|Any CPU
		{72021665-8300-4600-B3C7-EA9980C00644}.Debug|Any CPU.Build.0 = Debug|Any CPU
		{72021665-8300-4600-B3C7-EA9980C00644}.Release|Any CPU.ActiveCfg = Release|Any CPU
		{72021665-8300-4600-B3C7-EA9980C00644}.Release|Any CPU.Build.0 = Release|Any CPU
	EndGlobalSection
	GlobalSection(SolutionProperties) = preSolution
		HideSolutionNode = FALSE
	EndGlobalSection
	GlobalSection(NestedProjects) = preSolution
		{A35C9134-E336-4EAC-82CB-4D81EEFB1412} = {3A6FE3BF-C00B-444A-BF2D-A168485AC092}
		{24591DDC-8945-4E94-99FD-0468689A8ED9} = {3A6FE3BF-C00B-444A-BF2D-A168485AC092}
		{FB97BB31-2D89-4B13-A853-F950C45A50F8} = {3A6FE3BF-C00B-444A-BF2D-A168485AC092}
	EndGlobalSection
	GlobalSection(ExtensibilityGlobals) = postSolution
		SolutionGuid = {81797626-BC18-47F8-843A-040AB8F23657}
	EndGlobalSection
EndGlobal
